
Microsoft Visual Studio Solution File, Format Version 12.00
# Visual Studio Version 17
VisualStudioVersion = 17.14.36414.22
MinimumVisualStudioVersion = 10.0.40219.1
Project("{FAE04EC0-301F-11D3-BF4B-00C04F79EFBC}") = "Unoserver.SDK", "unoserver-sdk\Unoserver.SDK.csproj", "{9870BE4B-7CE4-4EF4-9EFA-3860A8D5E44F}"
EndProject
Project("{FAE04EC0-301F-11D3-BF4B-00C04F79EFBC}") = "Unoserver.SDK.Tests", "unoserver-sdk.tests\Unoserver.SDK.Tests.csproj", "{0E706342-EF67-487E-A9B0-A255F88AACA8}"
EndProject
Project("{FAE04EC0-301F-11D3-BF4B-00C04F79EFBC}") = "Unoserver.SDK.CLI", "unoserver-cli\Unoserver.SDK.CLI.csproj", "{968A989F-EFEA-489B-BAC5-F5F78F42BD84}"
EndProject
Global
	GlobalSection(SolutionConfigurationPlatforms) = preSolution
		Debug|Any CPU = Debug|Any CPU
		Debug|x64 = Debug|x64
		Debug|x86 = Debug|x86
		Release|Any CPU = Release|Any CPU
		Release|x64 = Release|x64
		Release|x86 = Release|x86
	EndGlobalSection
	GlobalSection(ProjectConfigurationPlatforms) = postSolution
		{9870BE4B-7CE4-4EF4-9EFA-3860A8D5E44F}.Debug|Any CPU.ActiveCfg = Debug|Any CPU
		{9870BE4B-7CE4-4EF4-9EFA-3860A8D5E44F}.Debug|Any CPU.Build.0 = Debug|Any CPU
		{9870BE4B-7CE4-4EF4-9EFA-3860A8D5E44F}.Debug|x64.ActiveCfg = Debug|Any CPU
		{9870BE4B-7CE4-4EF4-9EFA-3860A8D5E44F}.Debug|x64.Build.0 = Debug|Any CPU
		{9870BE4B-7CE4-4EF4-9EFA-3860A8D5E44F}.Debug|x86.ActiveCfg = Debug|Any CPU
		{9870BE4B-7CE4-4EF4-9EFA-3860A8D5E44F}.Debug|x86.Build.0 = Debug|Any CPU
		{9870BE4B-7CE4-4EF4-9EFA-3860A8D5E44F}.Release|Any CPU.ActiveCfg = Release|Any CPU
		{9870BE4B-7CE4-4EF4-9EFA-3860A8D5E44F}.Release|Any CPU.Build.0 = Release|Any CPU
		{9870BE4B-7CE4-4EF4-9EFA-3860A8D5E44F}.Release|x64.ActiveCfg = Release|Any CPU
		{9870BE4B-7CE4-4EF4-9EFA-3860A8D5E44F}.Release|x64.Build.0 = Release|Any CPU
		{9870BE4B-7CE4-4EF4-9EFA-3860A8D5E44F}.Release|x86.ActiveCfg = Release|Any CPU
		{9870BE4B-7CE4-4EF4-9EFA-3860A8D5E44F}.Release|x86.Build.0 = Release|Any CPU
		{0E706342-EF67-487E-A9B0-A255F88AACA8}.Debug|Any CPU.ActiveCfg = Debug|Any CPU
		{0E706342-EF67-487E-A9B0-A255F88AACA8}.Debug|Any CPU.Build.0 = Debug|Any CPU
		{0E706342-EF67-487E-A9B0-A255F88AACA8}.Debug|x64.ActiveCfg = Debug|Any CPU
		{0E706342-EF67-487E-A9B0-A255F88AACA8}.Debug|x64.Build.0 = Debug|Any CPU
		{0E706342-EF67-487E-A9B0-A255F88AACA8}.Debug|x86.ActiveCfg = Debug|Any CPU
		{0E706342-EF67-487E-A9B0-A255F88AACA8}.Debug|x86.Build.0 = Debug|Any CPU
		{0E706342-EF67-487E-A9B0-A255F88AACA8}.Release|Any CPU.ActiveCfg = Release|Any CPU
		{0E706342-EF67-487E-A9B0-A255F88AACA8}.Release|Any CPU.Build.0 = Release|Any CPU
		{0E706342-EF67-487E-A9B0-A255F88AACA8}.Release|x64.ActiveCfg = Release|Any CPU
		{0E706342-EF67-487E-A9B0-A255F88AACA8}.Release|x64.Build.0 = Release|Any CPU
		{0E706342-EF67-487E-A9B0-A255F88AACA8}.Release|x86.ActiveCfg = Release|Any CPU
		{0E706342-EF67-487E-A9B0-A255F88AACA8}.Release|x86.Build.0 = Release|Any CPU
		{968A989F-EFEA-489B-BAC5-F5F78F42BD84}.Debug|Any CPU.ActiveCfg = Debug|Any CPU
		{968A989F-EFEA-489B-BAC5-F5F78F42BD84}.Debug|Any CPU.Build.0 = Debug|Any CPU
		{968A989F-EFEA-489B-BAC5-F5F78F42BD84}.Debug|x64.ActiveCfg = Debug|Any CPU
		{968A989F-EFEA-489B-BAC5-F5F78F42BD84}.Debug|x64.Build.0 = Debug|Any CPU
		{968A989F-EFEA-489B-BAC5-F5F78F42BD84}.Debug|x86.ActiveCfg = Debug|Any CPU
		{968A989F-EFEA-489B-BAC5-F5F78F42BD84}.Debug|x86.Build.0 = Debug|Any CPU
		{968A989F-EFEA-489B-BAC5-F5F78F42BD84}.Release|Any CPU.ActiveCfg = Release|Any CPU
		{968A989F-EFEA-489B-BAC5-F5F78F42BD84}.Release|Any CPU.Build.0 = Release|Any CPU
		{968A989F-EFEA-489B-BAC5-F5F78F42BD84}.Release|x64.ActiveCfg = Release|Any CPU
		{968A989F-EFEA-489B-BAC5-F5F78F42BD84}.Release|x64.Build.0 = Release|Any CPU
		{968A989F-EFEA-489B-BAC5-F5F78F42BD84}.Release|x86.ActiveCfg = Release|Any CPU
		{968A989F-EFEA-489B-BAC5-F5F78F42BD84}.Release|x86.Build.0 = Release|Any CPU
	EndGlobalSection
	GlobalSection(SolutionProperties) = preSolution
		HideSolutionNode = FALSE
	EndGlobalSection
	GlobalSection(ExtensibilityGlobals) = postSolution
		SolutionGuid = {B4376659-1C77-401D-9A03-533032E6DFA3}
	EndGlobalSection
EndGlobal
